
Microsoft Visual Studio Solution File, Format Version 12.00
# Visual Studio 15
VisualStudioVersion = 15.0.27130.2036
MinimumVisualStudioVersion = 10.0.40219.1
Project("{FAE04EC0-301F-11D3-BF4B-00C04F79EFBC}") = "PegCombinator", "PegCombinator.csproj", "{4CC0207D-7A28-4D70-AFCE-922F0CB702A7}"
EndProject
Project("{2150E333-8FDC-42A3-9474-1A3956D46DE8}") = "Solution Items", "Solution Items", "{CE0BF940-6C55-4935-81A5-780A057D62A3}"
	ProjectSection(SolutionItems) = preProject
		.gitignore = .gitignore
	EndProjectSection
EndProject
Global
	GlobalSection(SolutionConfigurationPlatforms) = preSolution
		Debug|Any CPU = Debug|Any CPU
		Release|Any CPU = Release|Any CPU
	EndGlobalSection
	GlobalSection(ProjectConfigurationPlatforms) = postSolution
		{4CC0207D-7A28-4D70-AFCE-922F0CB702A7}.Debug|Any CPU.ActiveCfg = Debug|Any CPU
		{4CC0207D-7A28-4D70-AFCE-922F0CB702A7}.Debug|Any CPU.Build.0 = Debug|Any CPU
		{4CC0207D-7A28-4D70-AFCE-922F0CB702A7}.Release|Any CPU.ActiveCfg = Release|Any CPU
		{4CC0207D-7A28-4D70-AFCE-922F0CB702A7}.Release|Any CPU.Build.0 = Release|Any CPU
	EndGlobalSection
	GlobalSection(SolutionProperties) = preSolution
		HideSolutionNode = FALSE
	EndGlobalSection
	GlobalSection(ExtensibilityGlobals) = postSolution
		SolutionGuid = {C9A6003A-A2EE-4016-9DAF-ABCD34858129}
	EndGlobalSection
EndGlobal
